<?xml version="1.0" encoding="utf-8"?>
<Project ToolsVersion="4.0" xmlns="http://schemas.microsoft.com/developer/msbuild/2003">
  <ItemGroup>
    <ClCompile Include="CircuitControll.cpp" />
    <ClCompile Include="BluetoothInterface.cpp" />
    <ClCompile Include="RFID.cpp" />
  </ItemGroup>
  <ItemGroup>
    <ClInclude Include="CircuitControll.h" />
    <ClInclude Include="BluetoothInterface.h" />
    <ClInclude Include="RFID.h" />
    <ClInclude Include="__vm\.HardwareControllSystem.vsarduino.h" />
  </ItemGroup>
  <ItemGroup>
    <None Include="HardwareControllSystem.ino" />
    <None Include="src\arduino folders read me.txt" />
  </ItemGroup>
</Project>